{
  "name": "codespaces-django",
  "lockfileVersion": 3,
  "requires": true,
  "packages": {
    "": {
      "dependencies": {
        "@creativebulma/bulma-collapsible": "^1.0.4"
      }
    },
    "node_modules/@creativebulma/bulma-collapsible": {
      "version": "1.0.4",
      "resolved": "https://registry.npmjs.org/@creativebulma/bulma-collapsible/-/bulma-collapsible-1.0.4.tgz",
      "integrity": "sha512-aNqSwyuJxshoIc4oD3wJ3eRqOANRweYfpzqmef/fj5tf0Yn7UVx99yh8ovY6vhB8Il31bFcc7f/eRfJvEMNUPw==",
      "dependencies": {
        "bulma": "latest"
      }
    },
    "node_modules/bulma": {
      "version": "0.9.4",
      "resolved": "https://registry.npmjs.org/bulma/-/bulma-0.9.4.tgz",
      "integrity": "sha512-86FlT5+1GrsgKbPLRRY7cGDg8fsJiP/jzTqXXVqiUZZ2aZT8uemEOHlU1CDU+TxklPEZ11HZNNWclRBBecP4CQ=="
    }
  }
}
